
Microsoft Visual Studio Solution File, Format Version 12.00
# Visual Studio 14
VisualStudioVersion = 14.0.25420.1
MinimumVisualStudioVersion = 10.0.40219.1
Project("{FAE04EC0-301F-11D3-BF4B-00C04F79EFBC}") = "HF2", "HF2\HF2.csproj", "{830F7EF6-7C0B-4E30-881F-B6B2F0B14295}"
EndProject
Global
	GlobalSection(SolutionConfigurationPlatforms) = preSolution
		Debug|Any CPU = Debug|Any CPU
		Release|Any CPU = Release|Any CPU
	EndGlobalSection
	GlobalSection(ProjectConfigurationPlatforms) = postSolution
		{830F7EF6-7C0B-4E30-881F-B6B2F0B14295}.Debug|Any CPU.ActiveCfg = Debug|Any CPU
		{830F7EF6-7C0B-4E30-881F-B6B2F0B14295}.Debug|Any CPU.Build.0 = Debug|Any CPU
		{830F7EF6-7C0B-4E30-881F-B6B2F0B14295}.Release|Any CPU.ActiveCfg = Release|Any CPU
		{830F7EF6-7C0B-4E30-881F-B6B2F0B14295}.Release|Any CPU.Build.0 = Release|Any CPU
	EndGlobalSection
	GlobalSection(SolutionProperties) = preSolution
		HideSolutionNode = FALSE
	EndGlobalSection
EndGlobal
